// !$*UTF8*$!
{
	archiveVersion = 1;
	classes = {
	};
	objectVersion = 77;
	objects = {

/* Begin PBXBuildFile section */
		93EE489D2F536E31002EA052 /* AppDelegate.swift in Sources */ = {isa = PBXBuildFile; fileRef = 93EE48922F536E31002EA052 /* AppDelegate.swift */; };
		93EE489E2F536E31002EA052 /* SceneDelegate.swift in Sources */ = {isa = PBXBuildFile; fileRef = 93EE48932F536E31002EA052 /* SceneDelegate.swift */; };
		93EE489F2F536E31002EA052 /* AuthorizationViewController.swift in Sources */ = {isa = PBXBuildFile; fileRef = 93EE489B2F536E31002EA052 /* AuthorizationViewController.swift */; };
		93EE48A02F536E31002EA052 /* Assets.xcassets in Resources */ = {isa = PBXBuildFile; fileRef = 93EE48952F536E31002EA052 /* Assets.xcassets */; };
		93EE48A22F536E31002EA052 /* LaunchScreen.storyboard in Resources */ = {isa = PBXBuildFile; fileRef = 93EE48982F536E31002EA052 /* LaunchScreen.storyboard */; };
		93EE48AD2F537C54002EA052 /* AuthorizationPresenter.swift in Sources */ = {isa = PBXBuildFile; fileRef = 93EE48AC2F537C52002EA052 /* AuthorizationPresenter.swift */; };
		93EE48AF2F537D69002EA052 /* Colors.xcassets in Resources */ = {isa = PBXBuildFile; fileRef = 93EE48AE2F537D69002EA052 /* Colors.xcassets */; };
		93EE48B32F537FA0002EA052 /* View+Extensions.swift in Sources */ = {isa = PBXBuildFile; fileRef = 93EE48B22F537F9A002EA052 /* View+Extensions.swift */; };
		93EE48B52F537FCF002EA052 /* prepareForAutoLayout.swift in Sources */ = {isa = PBXBuildFile; fileRef = 93EE48B42F537FC3002EA052 /* prepareForAutoLayout.swift */; };
		93EE48BB2F54637A002EA052 /* MainScreenViewController.swift in Sources */ = {isa = PBXBuildFile; fileRef = 93EE48BA2F54636F002EA052 /* MainScreenViewController.swift */; };
		93EE48BD2F54647F002EA052 /* MainScreenPresenter.swift in Sources */ = {isa = PBXBuildFile; fileRef = 93EE48BC2F54647E002EA052 /* MainScreenPresenter.swift */; };
		93EE48BF2F546494002EA052 /* MainScreenModel.swift in Sources */ = {isa = PBXBuildFile; fileRef = 93EE48BE2F54648D002EA052 /* MainScreenModel.swift */; };
		93EE48C12F5466A3002EA052 /* MockData.swift in Sources */ = {isa = PBXBuildFile; fileRef = 93EE48C02F54669D002EA052 /* MockData.swift */; };
		93EE48C42F5469DC002EA052 /* MainScreenView.swift in Sources */ = {isa = PBXBuildFile; fileRef = 93EE48C32F5469DB002EA052 /* MainScreenView.swift */; };
		93EE48C82F546A1C002EA052 /* ChatCell.swift in Sources */ = {isa = PBXBuildFile; fileRef = 93EE48C72F546A19002EA052 /* ChatCell.swift */; };
		93EE48CE2F547B09002EA052 /* MainTabBarController.swift in Sources */ = {isa = PBXBuildFile; fileRef = 93EE48CD2F547ABD002EA052 /* MainTabBarController.swift */; };
/* End PBXBuildFile section */

/* Begin PBXFileReference section */
		9313D6EC2F536D8E00FBF83C /* PurelyInteresting.app */ = {isa = PBXFileReference; explicitFileType = wrapper.application; includeInIndex = 0; path = PurelyInteresting.app; sourceTree = BUILT_PRODUCTS_DIR; };
		93EE48922F536E31002EA052 /* AppDelegate.swift */ = {isa = PBXFileReference; lastKnownFileType = sourcecode.swift; path = AppDelegate.swift; sourceTree = "<group>"; };
		93EE48932F536E31002EA052 /* SceneDelegate.swift */ = {isa = PBXFileReference; lastKnownFileType = sourcecode.swift; path = SceneDelegate.swift; sourceTree = "<group>"; };
		93EE48952F536E31002EA052 /* Assets.xcassets */ = {isa = PBXFileReference; lastKnownFileType = folder.assetcatalog; path = Assets.xcassets; sourceTree = "<group>"; };
		93EE48962F536E31002EA052 /* Info.plist */ = {isa = PBXFileReference; lastKnownFileType = text.plist.xml; path = Info.plist; sourceTree = "<group>"; };
		93EE48972F536E31002EA052 /* Base */ = {isa = PBXFileReference; lastKnownFileType = file.storyboard; name = Base; path = Base.lproj/LaunchScreen.storyboard; sourceTree = "<group>"; };
		93EE489B2F536E31002EA052 /* AuthorizationViewController.swift */ = {isa = PBXFileReference; lastKnownFileType = sourcecode.swift; path = AuthorizationViewController.swift; sourceTree = "<group>"; };
		93EE48AC2F537C52002EA052 /* AuthorizationPresenter.swift */ = {isa = PBXFileReference; lastKnownFileType = sourcecode.swift; path = AuthorizationPresenter.swift; sourceTree = "<group>"; };
		93EE48AE2F537D69002EA052 /* Colors.xcassets */ = {isa = PBXFileReference; lastKnownFileType = folder.assetcatalog; path = Colors.xcassets; sourceTree = "<group>"; };
		93EE48B22F537F9A002EA052 /* View+Extensions.swift */ = {isa = PBXFileReference; lastKnownFileType = sourcecode.swift; path = "View+Extensions.swift"; sourceTree = "<group>"; };
		93EE48B42F537FC3002EA052 /* prepareForAutoLayout.swift */ = {isa = PBXFileReference; lastKnownFileType = sourcecode.swift; path = prepareForAutoLayout.swift; sourceTree = "<group>"; };
		93EE48BA2F54636F002EA052 /* MainScreenViewController.swift */ = {isa = PBXFileReference; lastKnownFileType = sourcecode.swift; path = MainScreenViewController.swift; sourceTree = "<group>"; };
		93EE48BC2F54647E002EA052 /* MainScreenPresenter.swift */ = {isa = PBXFileReference; lastKnownFileType = sourcecode.swift; path = MainScreenPresenter.swift; sourceTree = "<group>"; };
		93EE48BE2F54648D002EA052 /* MainScreenModel.swift */ = {isa = PBXFileReference; lastKnownFileType = sourcecode.swift; path = MainScreenModel.swift; sourceTree = "<group>"; };
		93EE48C02F54669D002EA052 /* MockData.swift */ = {isa = PBXFileReference; lastKnownFileType = sourcecode.swift; path = MockData.swift; sourceTree = "<group>"; };
		93EE48C32F5469DB002EA052 /* MainScreenView.swift */ = {isa = PBXFileReference; lastKnownFileType = sourcecode.swift; path = MainScreenView.swift; sourceTree = "<group>"; };
		93EE48C72F546A19002EA052 /* ChatCell.swift */ = {isa = PBXFileReference; lastKnownFileType = sourcecode.swift; path = ChatCell.swift; sourceTree = "<group>"; };
		93EE48CD2F547ABD002EA052 /* MainTabBarController.swift */ = {isa = PBXFileReference; lastKnownFileType = sourcecode.swift; path = MainTabBarController.swift; sourceTree = "<group>"; };
/* End PBXFileReference section */

/* Begin PBXFrameworksBuildPhase section */
		9313D6E92F536D8E00FBF83C /* Frameworks */ = {
			isa = PBXFrameworksBuildPhase;
			buildActionMask = 2147483647;
			files = (
			);
			runOnlyForDeploymentPostprocessing = 0;
		};
/* End PBXFrameworksBuildPhase section */

/* Begin PBXGroup section */
		9313D6E32F536D8E00FBF83C = {
			isa = PBXGroup;
			children = (
				93EE489C2F536E31002EA052 /* PurelyInteresting */,
				9313D6ED2F536D8E00FBF83C /* Products */,
			);
			sourceTree = "<group>";
		};
		9313D6ED2F536D8E00FBF83C /* Products */ = {
			isa = PBXGroup;
			children = (
				9313D6EC2F536D8E00FBF83C /* PurelyInteresting.app */,
			);
			name = Products;
			sourceTree = "<group>";
		};
		93EE48942F536E31002EA052 /* Application */ = {
			isa = PBXGroup;
			children = (
				93EE48922F536E31002EA052 /* AppDelegate.swift */,
				93EE48932F536E31002EA052 /* SceneDelegate.swift */,
			);
			path = Application;
			sourceTree = "<group>";
		};
		93EE489C2F536E31002EA052 /* PurelyInteresting */ = {
			isa = PBXGroup;
			children = (
				93EE48942F536E31002EA052 /* Application */,
				93EE48A52F536F55002EA052 /* Modules */,
				93EE48B02F537F79002EA052 /* Extensions */,
				93EE48B12F537F8A002EA052 /* Helpers */,
				93EE48A42F536E39002EA052 /* SupportingFiles */,
			);
			path = PurelyInteresting;
			sourceTree = "<group>";
		};
		93EE48A42F536E39002EA052 /* SupportingFiles */ = {
			isa = PBXGroup;
			children = (
				93EE48952F536E31002EA052 /* Assets.xcassets */,
				93EE48AE2F537D69002EA052 /* Colors.xcassets */,
				93EE48982F536E31002EA052 /* LaunchScreen.storyboard */,
				93EE48962F536E31002EA052 /* Info.plist */,
			);
			path = SupportingFiles;
			sourceTree = "<group>";
		};
		93EE48A52F536F55002EA052 /* Modules */ = {
			isa = PBXGroup;
			children = (
				93EE48C92F546F93002EA052 /* TabBarModule */,
				93EE48A82F537A94002EA052 /* AuthorizationModule */,
				93EE48B62F546345002EA052 /* MainScreenModule */,
			);
			path = Modules;
			sourceTree = "<group>";
		};
		93EE48A82F537A94002EA052 /* AuthorizationModule */ = {
			isa = PBXGroup;
			children = (
				93EE48AB2F537AB6002EA052 /* Model */,
				93EE48AA2F537AAF002EA052 /* View */,
				93EE48A92F537AA7002EA052 /* Presenter */,
			);
			path = AuthorizationModule;
			sourceTree = "<group>";
		};
		93EE48A92F537AA7002EA052 /* Presenter */ = {
			isa = PBXGroup;
			children = (
				93EE48AC2F537C52002EA052 /* AuthorizationPresenter.swift */,
			);
			path = Presenter;
			sourceTree = "<group>";
		};
		93EE48AA2F537AAF002EA052 /* View */ = {
			isa = PBXGroup;
			children = (
				93EE489B2F536E31002EA052 /* AuthorizationViewController.swift */,
			);
			path = View;
			sourceTree = "<group>";
		};
		93EE48AB2F537AB6002EA052 /* Model */ = {
			isa = PBXGroup;
			children = (
			);
			path = Model;
			sourceTree = "<group>";
		};
		93EE48B02F537F79002EA052 /* Extensions */ = {
			isa = PBXGroup;
			children = (
				93EE48B22F537F9A002EA052 /* View+Extensions.swift */,
			);
			path = Extensions;
			sourceTree = "<group>";
		};
		93EE48B12F537F8A002EA052 /* Helpers */ = {
			isa = PBXGroup;
			children = (
				93EE48B42F537FC3002EA052 /* prepareForAutoLayout.swift */,
			);
			path = Helpers;
			sourceTree = "<group>";
		};
		93EE48B62F546345002EA052 /* MainScreenModule */ = {
			isa = PBXGroup;
			children = (
				93EE48B92F546366002EA052 /* Model */,
				93EE48B82F546361002EA052 /* View */,
				93EE48B72F54635A002EA052 /* Presenter */,
			);
			path = MainScreenModule;
			sourceTree = "<group>";
		};
		93EE48B72F54635A002EA052 /* Presenter */ = {
			isa = PBXGroup;
			children = (
				93EE48BC2F54647E002EA052 /* MainScreenPresenter.swift */,
			);
			path = Presenter;
			sourceTree = "<group>";
		};
		93EE48B82F546361002EA052 /* View */ = {
			isa = PBXGroup;
			children = (
				93EE48BA2F54636F002EA052 /* MainScreenViewController.swift */,
				93EE48C22F546994002EA052 /* Views */,
			);
			path = View;
			sourceTree = "<group>";
		};
		93EE48B92F546366002EA052 /* Model */ = {
			isa = PBXGroup;
			children = (
				93EE48C02F54669D002EA052 /* MockData.swift */,
				93EE48BE2F54648D002EA052 /* MainScreenModel.swift */,
			);
			path = Model;
			sourceTree = "<group>";
		};
		93EE48C22F546994002EA052 /* Views */ = {
			isa = PBXGroup;
			children = (
				93EE48C32F5469DB002EA052 /* MainScreenView.swift */,
				93EE48C52F546A00002EA052 /* MainScreenSubviews */,
			);
			path = Views;
			sourceTree = "<group>";
		};
		93EE48C52F546A00002EA052 /* MainScreenSubviews */ = {
			isa = PBXGroup;
			children = (
				93EE48C62F546A12002EA052 /* TableView */,
			);
			path = MainScreenSubviews;
			sourceTree = "<group>";
		};
		93EE48C62F546A12002EA052 /* TableView */ = {
			isa = PBXGroup;
			children = (
				93EE48C72F546A19002EA052 /* ChatCell.swift */,
			);
			path = TableView;
			sourceTree = "<group>";
		};
		93EE48C92F546F93002EA052 /* TabBarModule */ = {
			isa = PBXGroup;
			children = (
				93EE48CC2F54702A002EA052 /* Model */,
				93EE48CB2F547025002EA052 /* View */,
				93EE48CA2F54701C002EA052 /* Presenter */,
			);
			path = TabBarModule;
			sourceTree = "<group>";
		};
		93EE48CA2F54701C002EA052 /* Presenter */ = {
			isa = PBXGroup;
			children = (
			);
			path = Presenter;
			sourceTree = "<group>";
		};
		93EE48CB2F547025002EA052 /* View */ = {
			isa = PBXGroup;
			children = (
				93EE48CD2F547ABD002EA052 /* MainTabBarController.swift */,
			);
			path = View;
			sourceTree = "<group>";
		};
		93EE48CC2F54702A002EA052 /* Model */ = {
			isa = PBXGroup;
			children = (
			);
			path = Model;
			sourceTree = "<group>";
		};
/* End PBXGroup section */

/* Begin PBXNativeTarget section */
		9313D6EB2F536D8E00FBF83C /* PurelyInteresting */ = {
			isa = PBXNativeTarget;
			buildConfigurationList = 9313D6FF2F536D9000FBF83C /* Build configuration list for PBXNativeTarget "PurelyInteresting" */;
			buildPhases = (
				9313D6E82F536D8E00FBF83C /* Sources */,
				9313D6E92F536D8E00FBF83C /* Frameworks */,
				9313D6EA2F536D8E00FBF83C /* Resources */,
			);
			buildRules = (
			);
			dependencies = (
			);
			name = PurelyInteresting;
			packageProductDependencies = (
			);
			productName = PurelyInteresting;
			productReference = 9313D6EC2F536D8E00FBF83C /* PurelyInteresting.app */;
			productType = "com.apple.product-type.application";
		};
/* End PBXNativeTarget section */

/* Begin PBXProject section */
		9313D6E42F536D8E00FBF83C /* Project object */ = {
			isa = PBXProject;
			attributes = {
				BuildIndependentTargetsInParallel = 1;
				LastSwiftUpdateCheck = 1610;
				LastUpgradeCheck = 1610;
				TargetAttributes = {
					9313D6EB2F536D8E00FBF83C = {
						CreatedOnToolsVersion = 16.1;
					};
				};
			};
			buildConfigurationList = 9313D6E72F536D8E00FBF83C /* Build configuration list for PBXProject "PurelyInteresting" */;
			developmentRegion = en;
			hasScannedForEncodings = 0;
			knownRegions = (
				en,
				Base,
			);
			mainGroup = 9313D6E32F536D8E00FBF83C;
			minimizedProjectReferenceProxies = 1;
			preferredProjectObjectVersion = 77;
			productRefGroup = 9313D6ED2F536D8E00FBF83C /* Products */;
			projectDirPath = "";
			projectRoot = "";
			targets = (
				9313D6EB2F536D8E00FBF83C /* PurelyInteresting */,
			);
		};
/* End PBXProject section */

/* Begin PBXResourcesBuildPhase section */
		9313D6EA2F536D8E00FBF83C /* Resources */ = {
			isa = PBXResourcesBuildPhase;
			buildActionMask = 2147483647;
			files = (
				93EE48AF2F537D69002EA052 /* Colors.xcassets in Resources */,
				93EE48A02F536E31002EA052 /* Assets.xcassets in Resources */,
				93EE48A22F536E31002EA052 /* LaunchScreen.storyboard in Resources */,
			);
			runOnlyForDeploymentPostprocessing = 0;
		};
/* End PBXResourcesBuildPhase section */

/* Begin PBXSourcesBuildPhase section */
		9313D6E82F536D8E00FBF83C /* Sources */ = {
			isa = PBXSourcesBuildPhase;
			buildActionMask = 2147483647;
			files = (
				93EE48AD2F537C54002EA052 /* AuthorizationPresenter.swift in Sources */,
				93EE48BD2F54647F002EA052 /* MainScreenPresenter.swift in Sources */,
				93EE489D2F536E31002EA052 /* AppDelegate.swift in Sources */,
				93EE48BB2F54637A002EA052 /* MainScreenViewController.swift in Sources */,
				93EE48B52F537FCF002EA052 /* prepareForAutoLayout.swift in Sources */,
				93EE48C82F546A1C002EA052 /* ChatCell.swift in Sources */,
				93EE489E2F536E31002EA052 /* SceneDelegate.swift in Sources */,
				93EE48CE2F547B09002EA052 /* MainTabBarController.swift in Sources */,
				93EE48B32F537FA0002EA052 /* View+Extensions.swift in Sources */,
				93EE48C42F5469DC002EA052 /* MainScreenView.swift in Sources */,
				93EE489F2F536E31002EA052 /* AuthorizationViewController.swift in Sources */,
				93EE48BF2F546494002EA052 /* MainScreenModel.swift in Sources */,
				93EE48C12F5466A3002EA052 /* MockData.swift in Sources */,
			);
			runOnlyForDeploymentPostprocessing = 0;
		};
/* End PBXSourcesBuildPhase section */

/* Begin PBXVariantGroup section */
		93EE48982F536E31002EA052 /* LaunchScreen.storyboard */ = {
			isa = PBXVariantGroup;
			children = (
				93EE48972F536E31002EA052 /* Base */,
			);
			name = LaunchScreen.storyboard;
			sourceTree = "<group>";
		};
/* End PBXVariantGroup section */

/* Begin XCBuildConfiguration section */
		9313D7002F536D9000FBF83C /* Debug */ = {
			isa = XCBuildConfiguration;
			buildSettings = {
				ASSETCATALOG_COMPILER_APPICON_NAME = AppIcon;
				ASSETCATALOG_COMPILER_GLOBAL_ACCENT_COLOR_NAME = AccentColor;
				CODE_SIGN_STYLE = Automatic;
				CURRENT_PROJECT_VERSION = 1;
				GENERATE_INFOPLIST_FILE = YES;
				INFOPLIST_FILE = PurelyInteresting/SupportingFiles/Info.plist;
				INFOPLIST_KEY_UIApplicationSupportsIndirectInputEvents = YES;
				INFOPLIST_KEY_UILaunchStoryboardName = LaunchScreen;
				INFOPLIST_KEY_UISupportedInterfaceOrientations_iPad = "UIInterfaceOrientationPortrait UIInterfaceOrientationPortraitUpsideDown UIInterfaceOrientationLandscapeLeft UIInterfaceOrientationLandscapeRight";
				INFOPLIST_KEY_UISupportedInterfaceOrientations_iPhone = "UIInterfaceOrientationPortrait UIInterfaceOrientationLandscapeLeft UIInterfaceOrientationLandscapeRight";
				LD_RUNPATH_SEARCH_PATHS = (
					"$(inherited)",
					"@executable_path/Frameworks",
				);
				MARKETING_VERSION = 1.0;
				PRODUCT_BUNDLE_IDENTIFIER = com.PurelyInteresting;
				PRODUCT_NAME = "$(TARGET_NAME)";
				SWIFT_EMIT_LOC_STRINGS = YES;
				SWIFT_VERSION = 5.0;
				TARGETED_DEVICE_FAMILY = "1,2";
			};
			name = Debug;
		};
		9313D7012F536D9000FBF83C /* Release */ = {
			isa = XCBuildConfiguration;
			buildSettings = {
				ASSETCATALOG_COMPILER_APPICON_NAME = AppIcon;
				ASSETCATALOG_COMPILER_GLOBAL_ACCENT_COLOR_NAME = AccentColor;
				CODE_SIGN_STYLE = Automatic;
				CURRENT_PROJECT_VERSION = 1;
				GENERATE_INFOPLIST_FILE = YES;
				INFOPLIST_FILE = PurelyInteresting/SupportingFiles/Info.plist;
				INFOPLIST_KEY_UIApplicationSupportsIndirectInputEvents = YES;
				INFOPLIST_KEY_UILaunchStoryboardName = LaunchScreen;
				INFOPLIST_KEY_UISupportedInterfaceOrientations_iPad = "UIInterfaceOrientationPortrait UIInterfaceOrientationPortraitUpsideDown UIInterfaceOrientationLandscapeLeft UIInterfaceOrientationLandscapeRight";
				INFOPLIST_KEY_UISupportedInterfaceOrientations_iPhone = "UIInterfaceOrientationPortrait UIInterfaceOrientationLandscapeLeft UIInterfaceOrientationLandscapeRight";
				LD_RUNPATH_SEARCH_PATHS = (
					"$(inherited)",
					"@executable_path/Frameworks",
				);
				MARKETING_VERSION = 1.0;
				PRODUCT_BUNDLE_IDENTIFIER = com.PurelyInteresting;
				PRODUCT_NAME = "$(TARGET_NAME)";
				SWIFT_EMIT_LOC_STRINGS = YES;
				SWIFT_VERSION = 5.0;
				TARGETED_DEVICE_FAMILY = "1,2";
			};
			name = Release;
		};
		9313D7022F536D9000FBF83C /* Debug */ = {
			isa = XCBuildConfiguration;
			buildSettings = {
				ALWAYS_SEARCH_USER_PATHS = NO;
				ASSETCATALOG_COMPILER_GENERATE_SWIFT_ASSET_SYMBOL_EXTENSIONS = YES;
				CLANG_ANALYZER_NONNULL = YES;
				CLANG_ANALYZER_NUMBER_OBJECT_CONVERSION = YES_AGGRESSIVE;
				CLANG_CXX_LANGUAGE_STANDARD = "gnu++20";
				CLANG_ENABLE_MODULES = YES;
				CLANG_ENABLE_OBJC_ARC = YES;
				CLANG_ENABLE_OBJC_WEAK = YES;
				CLANG_WARN_BLOCK_CAPTURE_AUTORELEASING = YES;
				CLANG_WARN_BOOL_CONVERSION = YES;
				CLANG_WARN_COMMA = YES;
				CLANG_WARN_CONSTANT_CONVERSION = YES;
				CLANG_WARN_DEPRECATED_OBJC_IMPLEMENTATIONS = YES;
				CLANG_WARN_DIRECT_OBJC_ISA_USAGE = YES_ERROR;
				CLANG_WARN_DOCUMENTATION_COMMENTS = YES;
				CLANG_WARN_EMPTY_BODY = YES;
				CLANG_WARN_ENUM_CONVERSION = YES;
				CLANG_WARN_INFINITE_RECURSION = YES;
				CLANG_WARN_INT_CONVERSION = YES;
				CLANG_WARN_NON_LITERAL_NULL_CONVERSION = YES;
				CLANG_WARN_OBJC_IMPLICIT_RETAIN_SELF = YES;
				CLANG_WARN_OBJC_LITERAL_CONVERSION = YES;
				CLANG_WARN_OBJC_ROOT_CLASS = YES_ERROR;
				CLANG_WARN_QUOTED_INCLUDE_IN_FRAMEWORK_HEADER = YES;
				CLANG_WARN_RANGE_LOOP_ANALYSIS = YES;
				CLANG_WARN_STRICT_PROTOTYPES = YES;
				CLANG_WARN_SUSPICIOUS_MOVE = YES;
				CLANG_WARN_UNGUARDED_AVAILABILITY = YES_AGGRESSIVE;
				CLANG_WARN_UNREACHABLE_CODE = YES;
				CLANG_WARN__DUPLICATE_METHOD_MATCH = YES;
				COPY_PHASE_STRIP = NO;
				DEBUG_INFORMATION_FORMAT = dwarf;
				ENABLE_STRICT_OBJC_MSGSEND = YES;
				ENABLE_TESTABILITY = YES;
				ENABLE_USER_SCRIPT_SANDBOXING = YES;
				GCC_C_LANGUAGE_STANDARD = gnu17;
				GCC_DYNAMIC_NO_PIC = NO;
				GCC_NO_COMMON_BLOCKS = YES;
				GCC_OPTIMIZATION_LEVEL = 0;
				GCC_PREPROCESSOR_DEFINITIONS = (
					"DEBUG=1",
					"$(inherited)",
				);
				GCC_WARN_64_TO_32_BIT_CONVERSION = YES;
				GCC_WARN_ABOUT_RETURN_TYPE = YES_ERROR;
				GCC_WARN_UNDECLARED_SELECTOR = YES;
				GCC_WARN_UNINITIALIZED_AUTOS = YES_AGGRESSIVE;
				GCC_WARN_UNUSED_FUNCTION = YES;
				GCC_WARN_UNUSED_VARIABLE = YES;
				IPHONEOS_DEPLOYMENT_TARGET = 18.1;
				LOCALIZATION_PREFERS_STRING_CATALOGS = YES;
				MTL_ENABLE_DEBUG_INFO = INCLUDE_SOURCE;
				MTL_FAST_MATH = YES;
				ONLY_ACTIVE_ARCH = YES;
				SDKROOT = iphoneos;
				SWIFT_ACTIVE_COMPILATION_CONDITIONS = "DEBUG $(inherited)";
				SWIFT_OPTIMIZATION_LEVEL = "-Onone";
			};
			name = Debug;
		};
		9313D7032F536D9000FBF83C /* Release */ = {
			isa = XCBuildConfiguration;
			buildSettings = {
				ALWAYS_SEARCH_USER_PATHS = NO;
				ASSETCATALOG_COMPILER_GENERATE_SWIFT_ASSET_SYMBOL_EXTENSIONS = YES;
				CLANG_ANALYZER_NONNULL = YES;
				CLANG_ANALYZER_NUMBER_OBJECT_CONVERSION = YES_AGGRESSIVE;
				CLANG_CXX_LANGUAGE_STANDARD = "gnu++20";
				CLANG_ENABLE_MODULES = YES;
				CLANG_ENABLE_OBJC_ARC = YES;
				CLANG_ENABLE_OBJC_WEAK = YES;
				CLANG_WARN_BLOCK_CAPTURE_AUTORELEASING = YES;
				CLANG_WARN_BOOL_CONVERSION = YES;
				CLANG_WARN_COMMA = YES;
				CLANG_WARN_CONSTANT_CONVERSION = YES;
				CLANG_WARN_DEPRECATED_OBJC_IMPLEMENTATIONS = YES;
				CLANG_WARN_DIRECT_OBJC_ISA_USAGE = YES_ERROR;
				CLANG_WARN_DOCUMENTATION_COMMENTS = YES;
				CLANG_WARN_EMPTY_BODY = YES;
				CLANG_WARN_ENUM_CONVERSION = YES;
				CLANG_WARN_INFINITE_RECURSION = YES;
				CLANG_WARN_INT_CONVERSION = YES;
				CLANG_WARN_NON_LITERAL_NULL_CONVERSION = YES;
				CLANG_WARN_OBJC_IMPLICIT_RETAIN_SELF = YES;
				CLANG_WARN_OBJC_LITERAL_CONVERSION = YES;
				CLANG_WARN_OBJC_ROOT_CLASS = YES_ERROR;
				CLANG_WARN_QUOTED_INCLUDE_IN_FRAMEWORK_HEADER = YES;
				CLANG_WARN_RANGE_LOOP_ANALYSIS = YES;
				CLANG_WARN_STRICT_PROTOTYPES = YES;
				CLANG_WARN_SUSPICIOUS_MOVE = YES;
				CLANG_WARN_UNGUARDED_AVAILABILITY = YES_AGGRESSIVE;
				CLANG_WARN_UNREACHABLE_CODE = YES;
				CLANG_WARN__DUPLICATE_METHOD_MATCH = YES;
				COPY_PHASE_STRIP = NO;
				DEBUG_INFORMATION_FORMAT = "dwarf-with-dsym";
				ENABLE_NS_ASSERTIONS = NO;
				ENABLE_STRICT_OBJC_MSGSEND = YES;
				ENABLE_USER_SCRIPT_SANDBOXING = YES;
				GCC_C_LANGUAGE_STANDARD = gnu17;
				GCC_NO_COMMON_BLOCKS = YES;
				GCC_WARN_64_TO_32_BIT_CONVERSION = YES;
				GCC_WARN_ABOUT_RETURN_TYPE = YES_ERROR;
				GCC_WARN_UNDECLARED_SELECTOR = YES;
				GCC_WARN_UNINITIALIZED_AUTOS = YES_AGGRESSIVE;
				GCC_WARN_UNUSED_FUNCTION = YES;
				GCC_WARN_UNUSED_VARIABLE = YES;
				IPHONEOS_DEPLOYMENT_TARGET = 18.1;
				LOCALIZATION_PREFERS_STRING_CATALOGS = YES;
				MTL_ENABLE_DEBUG_INFO = NO;
				MTL_FAST_MATH = YES;
				SDKROOT = iphoneos;
				SWIFT_COMPILATION_MODE = wholemodule;
				VALIDATE_PRODUCT = YES;
			};
			name = Release;
		};
/* End XCBuildConfiguration section */

/* Begin XCConfigurationList section */
		9313D6E72F536D8E00FBF83C /* Build configuration list for PBXProject "PurelyInteresting" */ = {
			isa = XCConfigurationList;
			buildConfigurations = (
				9313D7022F536D9000FBF83C /* Debug */,
				9313D7032F536D9000FBF83C /* Release */,
			);
			defaultConfigurationIsVisible = 0;
			defaultConfigurationName = Release;
		};
		9313D6FF2F536D9000FBF83C /* Build configuration list for PBXNativeTarget "PurelyInteresting" */ = {
			isa = XCConfigurationList;
			buildConfigurations = (
				9313D7002F536D9000FBF83C /* Debug */,
				9313D7012F536D9000FBF83C /* Release */,
			);
			defaultConfigurationIsVisible = 0;
			defaultConfigurationName = Release;
		};
/* End XCConfigurationList section */
	};
	rootObject = 9313D6E42F536D8E00FBF83C /* Project object */;
}
